// !$*UTF8*$!
{
	archiveVersion = 1;
	classes = {
	};
	objectVersion = 77;
	objects = {

/* Begin PBXBuildFile section */
		16F6FFD897B11B01804A0C05 /* TasksTab.swift in Sources */ = {isa = PBXBuildFile; fileRef = 3AE2BAEEAE93E7A95CA778EA /* TasksTab.swift */; };
		2C7C281F51933121129D9618 /* ANCApp.swift in Sources */ = {isa = PBXBuildFile; fileRef = 899BE72180C1F96B64CA13FA /* ANCApp.swift */; };
		3A157872A36DC80BEFB829DD /* WebSocketClient.swift in Sources */ = {isa = PBXBuildFile; fileRef = C0CDA5768F7874A50E3968F0 /* WebSocketClient.swift */; };
		55C9B9F7CE884918A9843D6C /* ContentView.swift in Sources */ = {isa = PBXBuildFile; fileRef = 23A2442754FFA9BA244FC543 /* ContentView.swift */; };
		65465F4F1D59D27A6D09A7C7 /* Theme.swift in Sources */ = {isa = PBXBuildFile; fileRef = B083C248BA8FB877E8943F00 /* Theme.swift */; };
		86D263EB6F780B9EAC0BB753 /* SettingsView.swift in Sources */ = {isa = PBXBuildFile; fileRef = 3A754B165F3D41E23E3DAFF9 /* SettingsView.swift */; };
		B78EA034F5E82E99FED4C38C /* APIClient.swift in Sources */ = {isa = PBXBuildFile; fileRef = 006FABD93CF0366939B32B86 /* APIClient.swift */; };
		BF1B594A19FABD5428BEA862 /* MembersTab.swift in Sources */ = {isa = PBXBuildFile; fileRef = C6C5B9E5A6295DEE9F0D37A9 /* MembersTab.swift */; };
		C63B7EBD1D6386483227638C /* Models.swift in Sources */ = {isa = PBXBuildFile; fileRef = 26E59EBB90E3D3ABAB88C36D /* Models.swift */; };
		CD9897785BA201A7ACEE1C6E /* InboxTab.swift in Sources */ = {isa = PBXBuildFile; fileRef = D5A549F8E968AD524B9A46DC /* InboxTab.swift */; };
		F4BE4A6BFE80A8A19E01C0BB /* DashboardTab.swift in Sources */ = {isa = PBXBuildFile; fileRef = 17B96EDAE3B758C1B9A75EA9 /* DashboardTab.swift */; };
		F7ACC19441AA36D2BA322245 /* AppStore.swift in Sources */ = {isa = PBXBuildFile; fileRef = E6C73410F16EFE396D6F4D78 /* AppStore.swift */; };
/* End PBXBuildFile section */

/* Begin PBXFileReference section */
		006FABD93CF0366939B32B86 /* APIClient.swift */ = {isa = PBXFileReference; lastKnownFileType = sourcecode.swift; path = APIClient.swift; sourceTree = "<group>"; };
		17B96EDAE3B758C1B9A75EA9 /* DashboardTab.swift */ = {isa = PBXFileReference; lastKnownFileType = sourcecode.swift; path = DashboardTab.swift; sourceTree = "<group>"; };
		23A2442754FFA9BA244FC543 /* ContentView.swift */ = {isa = PBXFileReference; lastKnownFileType = sourcecode.swift; path = ContentView.swift; sourceTree = "<group>"; };
		26E59EBB90E3D3ABAB88C36D /* Models.swift */ = {isa = PBXFileReference; lastKnownFileType = sourcecode.swift; path = Models.swift; sourceTree = "<group>"; };
		3A754B165F3D41E23E3DAFF9 /* SettingsView.swift */ = {isa = PBXFileReference; lastKnownFileType = sourcecode.swift; path = SettingsView.swift; sourceTree = "<group>"; };
		3AE2BAEEAE93E7A95CA778EA /* TasksTab.swift */ = {isa = PBXFileReference; lastKnownFileType = sourcecode.swift; path = TasksTab.swift; sourceTree = "<group>"; };
		7F453548082A1B4B16E3AB4A /* ANC.app */ = {isa = PBXFileReference; includeInIndex = 0; lastKnownFileType = wrapper.application; path = ANC.app; sourceTree = BUILT_PRODUCTS_DIR; };
		899BE72180C1F96B64CA13FA /* ANCApp.swift */ = {isa = PBXFileReference; lastKnownFileType = sourcecode.swift; path = ANCApp.swift; sourceTree = "<group>"; };
		B083C248BA8FB877E8943F00 /* Theme.swift */ = {isa = PBXFileReference; lastKnownFileType = sourcecode.swift; path = Theme.swift; sourceTree = "<group>"; };
		C0CDA5768F7874A50E3968F0 /* WebSocketClient.swift */ = {isa = PBXFileReference; lastKnownFileType = sourcecode.swift; path = WebSocketClient.swift; sourceTree = "<group>"; };
		C6C5B9E5A6295DEE9F0D37A9 /* MembersTab.swift */ = {isa = PBXFileReference; lastKnownFileType = sourcecode.swift; path = MembersTab.swift; sourceTree = "<group>"; };
		D5A549F8E968AD524B9A46DC /* InboxTab.swift */ = {isa = PBXFileReference; lastKnownFileType = sourcecode.swift; path = InboxTab.swift; sourceTree = "<group>"; };
		E6C73410F16EFE396D6F4D78 /* AppStore.swift */ = {isa = PBXFileReference; lastKnownFileType = sourcecode.swift; path = AppStore.swift; sourceTree = "<group>"; };
		EAE9F54BDF72A7AB162BB041 /* Info.plist */ = {isa = PBXFileReference; lastKnownFileType = text.plist; path = Info.plist; sourceTree = "<group>"; };
/* End PBXFileReference section */

/* Begin PBXGroup section */
		70F13BBEE6D47CA7425BC413 /* ANC */ = {
			isa = PBXGroup;
			children = (
				899BE72180C1F96B64CA13FA /* ANCApp.swift */,
				006FABD93CF0366939B32B86 /* APIClient.swift */,
				E6C73410F16EFE396D6F4D78 /* AppStore.swift */,
				23A2442754FFA9BA244FC543 /* ContentView.swift */,
				17B96EDAE3B758C1B9A75EA9 /* DashboardTab.swift */,
				D5A549F8E968AD524B9A46DC /* InboxTab.swift */,
				EAE9F54BDF72A7AB162BB041 /* Info.plist */,
				C6C5B9E5A6295DEE9F0D37A9 /* MembersTab.swift */,
				26E59EBB90E3D3ABAB88C36D /* Models.swift */,
				3A754B165F3D41E23E3DAFF9 /* SettingsView.swift */,
				3AE2BAEEAE93E7A95CA778EA /* TasksTab.swift */,
				B083C248BA8FB877E8943F00 /* Theme.swift */,
				C0CDA5768F7874A50E3968F0 /* WebSocketClient.swift */,
			);
			name = ANC;
			path = Sources/ANC;
			sourceTree = "<group>";
		};
		9FA82140D16F1DE8FC824E99 /* Products */ = {
			isa = PBXGroup;
			children = (
				7F453548082A1B4B16E3AB4A /* ANC.app */,
			);
			name = Products;
			sourceTree = "<group>";
		};
		DA497299D425B7CF4500BD94 = {
			isa = PBXGroup;
			children = (
				70F13BBEE6D47CA7425BC413 /* ANC */,
				9FA82140D16F1DE8FC824E99 /* Products */,
			);
			sourceTree = "<group>";
		};
/* End PBXGroup section */

/* Begin PBXNativeTarget section */
		2EFF01EF65CEEEF44AA2579D /* ANC */ = {
			isa = PBXNativeTarget;
			buildConfigurationList = C23738AE1DEB8CB31A146BDB /* Build configuration list for PBXNativeTarget "ANC" */;
			buildPhases = (
				D48A9A30A3C1079A80194442 /* Sources */,
			);
			buildRules = (
			);
			dependencies = (
			);
			name = ANC;
			packageProductDependencies = (
			);
			productName = ANC;
			productReference = 7F453548082A1B4B16E3AB4A /* ANC.app */;
			productType = "com.apple.product-type.application";
		};
/* End PBXNativeTarget section */

/* Begin PBXProject section */
		53D6A67680D453BDDFB9908C /* Project object */ = {
			isa = PBXProject;
			attributes = {
				BuildIndependentTargetsInParallel = YES;
				LastUpgradeCheck = 1430;
				TargetAttributes = {
				};
			};
			buildConfigurationList = 41E1A97779F9216A414C8E91 /* Build configuration list for PBXProject "ANC" */;
			developmentRegion = en;
			hasScannedForEncodings = 0;
			knownRegions = (
				Base,
				en,
			);
			mainGroup = DA497299D425B7CF4500BD94;
			minimizedProjectReferenceProxies = 1;
			preferredProjectObjectVersion = 77;
			productRefGroup = 9FA82140D16F1DE8FC824E99 /* Products */;
			projectDirPath = "";
			projectRoot = "";
			targets = (
				2EFF01EF65CEEEF44AA2579D /* ANC */,
			);
		};
/* End PBXProject section */

/* Begin PBXSourcesBuildPhase section */
		D48A9A30A3C1079A80194442 /* Sources */ = {
			isa = PBXSourcesBuildPhase;
			buildActionMask = 2147483647;
			files = (
				2C7C281F51933121129D9618 /* ANCApp.swift in Sources */,
				B78EA034F5E82E99FED4C38C /* APIClient.swift in Sources */,
				F7ACC19441AA36D2BA322245 /* AppStore.swift in Sources */,
				55C9B9F7CE884918A9843D6C /* ContentView.swift in Sources */,
				F4BE4A6BFE80A8A19E01C0BB /* DashboardTab.swift in Sources */,
				CD9897785BA201A7ACEE1C6E /* InboxTab.swift in Sources */,
				BF1B594A19FABD5428BEA862 /* MembersTab.swift in Sources */,
				C63B7EBD1D6386483227638C /* Models.swift in Sources */,
				86D263EB6F780B9EAC0BB753 /* SettingsView.swift in Sources */,
				16F6FFD897B11B01804A0C05 /* TasksTab.swift in Sources */,
				65465F4F1D59D27A6D09A7C7 /* Theme.swift in Sources */,
				3A157872A36DC80BEFB829DD /* WebSocketClient.swift in Sources */,
			);
			runOnlyForDeploymentPostprocessing = 0;
		};
/* End PBXSourcesBuildPhase section */

/* Begin XCBuildConfiguration section */
		37292975C2B39D28EF2FF863 /* Release */ = {
			isa = XCBuildConfiguration;
			buildSettings = {
				ALWAYS_SEARCH_USER_PATHS = NO;
				CLANG_ANALYZER_NONNULL = YES;
				CLANG_ANALYZER_NUMBER_OBJECT_CONVERSION = YES_AGGRESSIVE;
				CLANG_CXX_LANGUAGE_STANDARD = "gnu++14";
				CLANG_CXX_LIBRARY = "libc++";
				CLANG_ENABLE_MODULES = YES;
				CLANG_ENABLE_OBJC_ARC = YES;
				CLANG_ENABLE_OBJC_WEAK = YES;
				CLANG_WARN_BLOCK_CAPTURE_AUTORELEASING = YES;
				CLANG_WARN_BOOL_CONVERSION = YES;
				CLANG_WARN_COMMA = YES;
				CLANG_WARN_CONSTANT_CONVERSION = YES;
				CLANG_WARN_DEPRECATED_OBJC_IMPLEMENTATIONS = YES;
				CLANG_WARN_DIRECT_OBJC_ISA_USAGE = YES_ERROR;
				CLANG_WARN_DOCUMENTATION_COMMENTS = YES;
				CLANG_WARN_EMPTY_BODY = YES;
				CLANG_WARN_ENUM_CONVERSION = YES;
				CLANG_WARN_INFINITE_RECURSION = YES;
				CLANG_WARN_INT_CONVERSION = YES;
				CLANG_WARN_NON_LITERAL_NULL_CONVERSION = YES;
				CLANG_WARN_OBJC_IMPLICIT_RETAIN_SELF = YES;
				CLANG_WARN_OBJC_LITERAL_CONVERSION = YES;
				CLANG_WARN_OBJC_ROOT_CLASS = YES_ERROR;
				CLANG_WARN_QUOTED_INCLUDE_IN_FRAMEWORK_HEADER = YES;
				CLANG_WARN_RANGE_LOOP_ANALYSIS = YES;
				CLANG_WARN_STRICT_PROTOTYPES = YES;
				CLANG_WARN_SUSPICIOUS_MOVE = YES;
				CLANG_WARN_UNGUARDED_AVAILABILITY = YES_AGGRESSIVE;
				CLANG_WARN_UNREACHABLE_CODE = YES;
				CLANG_WARN__DUPLICATE_METHOD_MATCH = YES;
				COPY_PHASE_STRIP = NO;
				DEBUG_INFORMATION_FORMAT = "dwarf-with-dsym";
				ENABLE_NS_ASSERTIONS = NO;
				ENABLE_STRICT_OBJC_MSGSEND = YES;
				GCC_C_LANGUAGE_STANDARD = gnu11;
				GCC_NO_COMMON_BLOCKS = YES;
				GCC_WARN_64_TO_32_BIT_CONVERSION = YES;
				GCC_WARN_ABOUT_RETURN_TYPE = YES_ERROR;
				GCC_WARN_UNDECLARED_SELECTOR = YES;
				GCC_WARN_UNINITIALIZED_AUTOS = YES_AGGRESSIVE;
				GCC_WARN_UNUSED_FUNCTION = YES;
				GCC_WARN_UNUSED_VARIABLE = YES;
				IPHONEOS_DEPLOYMENT_TARGET = 17.0;
				MTL_ENABLE_DEBUG_INFO = NO;
				MTL_FAST_MATH = YES;
				PRODUCT_NAME = "$(TARGET_NAME)";
				SDKROOT = iphoneos;
				SWIFT_COMPILATION_MODE = wholemodule;
				SWIFT_OPTIMIZATION_LEVEL = "-O";
				SWIFT_VERSION = 5.0;
			};
			name = Release;
		};
		748E89B8EA4852F163C74D6C /* Release */ = {
			isa = XCBuildConfiguration;
			buildSettings = {
				ASSETCATALOG_COMPILER_APPICON_NAME = AppIcon;
				CODE_SIGN_IDENTITY = "iPhone Developer";
				CURRENT_PROJECT_VERSION = 1;
				INFOPLIST_FILE = Sources/ANC/Info.plist;
				INFOPLIST_KEY_CFBundleDisplayName = ANC;
				INFOPLIST_KEY_UILaunchScreen_Generation = YES;
				INFOPLIST_KEY_UISupportedInterfaceOrientations = "UIInterfaceOrientationPortrait UIInterfaceOrientationLandscapeLeft UIInterfaceOrientationLandscapeRight";
				LD_RUNPATH_SEARCH_PATHS = (
					"$(inherited)",
					"@executable_path/Frameworks",
				);
				MARKETING_VERSION = 0.1.0;
				PRODUCT_BUNDLE_IDENTIFIER = com.anc.ANC;
				PRODUCT_NAME = ANC;
				SDKROOT = iphoneos;
				SWIFT_VERSION = 5.9;
				TARGETED_DEVICE_FAMILY = "1,2";
			};
			name = Release;
		};
		D4C8878035091DFCA495D38F /* Debug */ = {
			isa = XCBuildConfiguration;
			buildSettings = {
				ALWAYS_SEARCH_USER_PATHS = NO;
				CLANG_ANALYZER_NONNULL = YES;
				CLANG_ANALYZER_NUMBER_OBJECT_CONVERSION = YES_AGGRESSIVE;
				CLANG_CXX_LANGUAGE_STANDARD = "gnu++14";
				CLANG_CXX_LIBRARY = "libc++";
				CLANG_ENABLE_MODULES = YES;
				CLANG_ENABLE_OBJC_ARC = YES;
				CLANG_ENABLE_OBJC_WEAK = YES;
				CLANG_WARN_BLOCK_CAPTURE_AUTORELEASING = YES;
				CLANG_WARN_BOOL_CONVERSION = YES;
				CLANG_WARN_COMMA = YES;
				CLANG_WARN_CONSTANT_CONVERSION = YES;
				CLANG_WARN_DEPRECATED_OBJC_IMPLEMENTATIONS = YES;
				CLANG_WARN_DIRECT_OBJC_ISA_USAGE = YES_ERROR;
				CLANG_WARN_DOCUMENTATION_COMMENTS = YES;
				CLANG_WARN_EMPTY_BODY = YES;
				CLANG_WARN_ENUM_CONVERSION = YES;
				CLANG_WARN_INFINITE_RECURSION = YES;
				CLANG_WARN_INT_CONVERSION = YES;
				CLANG_WARN_NON_LITERAL_NULL_CONVERSION = YES;
				CLANG_WARN_OBJC_IMPLICIT_RETAIN_SELF = YES;
				CLANG_WARN_OBJC_LITERAL_CONVERSION = YES;
				CLANG_WARN_OBJC_ROOT_CLASS = YES_ERROR;
				CLANG_WARN_QUOTED_INCLUDE_IN_FRAMEWORK_HEADER = YES;
				CLANG_WARN_RANGE_LOOP_ANALYSIS = YES;
				CLANG_WARN_STRICT_PROTOTYPES = YES;
				CLANG_WARN_SUSPICIOUS_MOVE = YES;
				CLANG_WARN_UNGUARDED_AVAILABILITY = YES_AGGRESSIVE;
				CLANG_WARN_UNREACHABLE_CODE = YES;
				CLANG_WARN__DUPLICATE_METHOD_MATCH = YES;
				COPY_PHASE_STRIP = NO;
				DEBUG_INFORMATION_FORMAT = dwarf;
				ENABLE_STRICT_OBJC_MSGSEND = YES;
				ENABLE_TESTABILITY = YES;
				GCC_C_LANGUAGE_STANDARD = gnu11;
				GCC_DYNAMIC_NO_PIC = NO;
				GCC_NO_COMMON_BLOCKS = YES;
				GCC_OPTIMIZATION_LEVEL = 0;
				GCC_PREPROCESSOR_DEFINITIONS = (
					"$(inherited)",
					"DEBUG=1",
				);
				GCC_WARN_64_TO_32_BIT_CONVERSION = YES;
				GCC_WARN_ABOUT_RETURN_TYPE = YES_ERROR;
				GCC_WARN_UNDECLARED_SELECTOR = YES;
				GCC_WARN_UNINITIALIZED_AUTOS = YES_AGGRESSIVE;
				GCC_WARN_UNUSED_FUNCTION = YES;
				GCC_WARN_UNUSED_VARIABLE = YES;
				IPHONEOS_DEPLOYMENT_TARGET = 17.0;
				MTL_ENABLE_DEBUG_INFO = INCLUDE_SOURCE;
				MTL_FAST_MATH = YES;
				ONLY_ACTIVE_ARCH = YES;
				PRODUCT_NAME = "$(TARGET_NAME)";
				SDKROOT = iphoneos;
				SWIFT_ACTIVE_COMPILATION_CONDITIONS = DEBUG;
				SWIFT_OPTIMIZATION_LEVEL = "-Onone";
				SWIFT_VERSION = 5.0;
			};
			name = Debug;
		};
		FDA5BDDE7419C6D944AB1160 /* Debug */ = {
			isa = XCBuildConfiguration;
			buildSettings = {
				ASSETCATALOG_COMPILER_APPICON_NAME = AppIcon;
				CODE_SIGN_IDENTITY = "iPhone Developer";
				CURRENT_PROJECT_VERSION = 1;
				INFOPLIST_FILE = Sources/ANC/Info.plist;
				INFOPLIST_KEY_CFBundleDisplayName = ANC;
				INFOPLIST_KEY_UILaunchScreen_Generation = YES;
				INFOPLIST_KEY_UISupportedInterfaceOrientations = "UIInterfaceOrientationPortrait UIInterfaceOrientationLandscapeLeft UIInterfaceOrientationLandscapeRight";
				LD_RUNPATH_SEARCH_PATHS = (
					"$(inherited)",
					"@executable_path/Frameworks",
				);
				MARKETING_VERSION = 0.1.0;
				PRODUCT_BUNDLE_IDENTIFIER = com.anc.ANC;
				PRODUCT_NAME = ANC;
				SDKROOT = iphoneos;
				SWIFT_VERSION = 5.9;
				TARGETED_DEVICE_FAMILY = "1,2";
			};
			name = Debug;
		};
/* End XCBuildConfiguration section */

/* Begin XCConfigurationList section */
		41E1A97779F9216A414C8E91 /* Build configuration list for PBXProject "ANC" */ = {
			isa = XCConfigurationList;
			buildConfigurations = (
				D4C8878035091DFCA495D38F /* Debug */,
				37292975C2B39D28EF2FF863 /* Release */,
			);
			defaultConfigurationIsVisible = 0;
			defaultConfigurationName = Debug;
		};
		C23738AE1DEB8CB31A146BDB /* Build configuration list for PBXNativeTarget "ANC" */ = {
			isa = XCConfigurationList;
			buildConfigurations = (
				FDA5BDDE7419C6D944AB1160 /* Debug */,
				748E89B8EA4852F163C74D6C /* Release */,
			);
			defaultConfigurationIsVisible = 0;
			defaultConfigurationName = Debug;
		};
/* End XCConfigurationList section */
	};
	rootObject = 53D6A67680D453BDDFB9908C /* Project object */;
}
